version = 1
revision = 2
requires-python = ">=3.11"

[[package]]
name = "cel-python"
version = "0.3.0"
source = { registry = "https://pypi.org/simple" }
dependencies = [
    { name = "lark" },
    { name = "pendulum" },
    { name = "pyyaml" },
    { name = "types-pyyaml" },
]
sdist = { url = "https://files.pythonhosted.org/packages/92/7a/1a8a1138aa800f85a57a68b40ac905d88d325692a18f62146eee28ff8728/cel_python-0.3.0.tar.gz", hash = "sha256:0fb25e0bdf68e738621f1438ecb53f2d2f4e06a48591d6844febe7a1a86e4bfe", size = 67291, upload-time = "2025-05-31T11:58:26.481Z" }
wheels = [
    { url = "https://files.pythonhosted.org/packages/bd/a4/b282e20c07224f4e68cf6c0e9d2c227161b611809bd4970a93974261ff48/cel_python-0.3.0-py3-none-any.whl", hash = "sha256:7db7460f1deed505146f87b94253af80422090ae2a18ea74abca41ff09a9edae", size = 72044, upload-time = "2025-05-31T11:58:25.085Z" },
]

[[package]]
name = "grpcio"
version = "1.72.1"
source = { registry = "https://pypi.org/simple" }
sdist = { url = "https://files.pythonhosted.org/packages/fe/45/ff8c80a5a2e7e520d9c4d3c41484a11d33508253f6f4dd06d2c4b4158999/grpcio-1.72.1.tar.gz", hash = "sha256:87f62c94a40947cec1a0f91f95f5ba0aa8f799f23a1d42ae5be667b6b27b959c", size = 12584286, upload-time = "2025-06-02T10:14:11.595Z" }
wheels = [
    { url = "https://files.pythonhosted.org/packages/b7/95/88d4d6a27946fff538d36a1346fefd26b8fcc0229368416b3b308a86ae75/grpcio-1.72.1-cp311-cp311-linux_armv7l.whl", hash = "sha256:4e112c083f90c330b0eaa78a633fb206d49c20c443926e827f8cac9eb9d2ea32", size = 5211093, upload-time = "2025-06-02T10:08:59.315Z" },
    { url = "https://files.pythonhosted.org/packages/67/34/a45efae2666348b8149ab11e797835d8059c8d05b3e15a3e71da4f4fb9ee/grpcio-1.72.1-cp311-cp311-macosx_11_0_universal2.whl", hash = "sha256:c6f7e3275832adab7384193f78b8c1a98b82541562fa08d7244e8a6b4b5c78a4", size = 10328734, upload-time = "2025-06-02T10:09:02.353Z" },
    { url = "https://files.pythonhosted.org/packages/e5/4b/8a5d5ea63d78cab74a8217e9f1cb0f7be85f0cd9195ec4de3630e7f7fdf8/grpcio-1.72.1-cp311-cp311-manylinux_2_17_aarch64.whl", hash = "sha256:dd03c8847c47ef7ac5455aafdfb5e553ecf84f228282bd6106762b379f27c25c", size = 5628782, upload-time = "2025-06-02T10:09:05.355Z" },
    { url = "https://files.pythonhosted.org/packages/02/5b/cfe25a688ffcc3c51560d0d80f1f3fab7fb25181d28276199addc7e2294e/grpcio-1.72.1-cp311-cp311-manylinux_2_17_i686.manylinux2014_i686.whl", hash = "sha256:7497dbdf220b88b66004e2630fb2b1627df5e279db970d3cc20f70d39dce978d", size = 6261737, upload-time = "2025-06-02T10:09:09.11Z" },
    { url = "https://files.pythonhosted.org/packages/c7/65/740d58cefae6d06e3f3c130cd63d7f32c4d7112b66b0b051a913cd5fdda4/grpcio-1.72.1-cp311-cp311-manylinux_2_17_x86_64.manylinux2014_x86_64.whl", hash = "sha256:95c2cde3ae8ae901317c049394ed8d3c6964de6b814ae65fc68636a7337b63aa", size = 5866485, upload-time = "2025-06-02T10:09:11.333Z" },
    { url = "https://files.pythonhosted.org/packages/bb/6a/5168e7c25ba7ca210fa78c2afe680bed6708b411010cad611bdb2fa7901b/grpcio-1.72.1-cp311-cp311-musllinux_1_1_aarch64.whl", hash = "sha256:7a66cef4bc1db81a54108a849e95650da640c9bc1901957bf7d3b1eeb3251ee8", size = 5974228, upload-time = "2025-06-02T10:09:13.507Z" },
    { url = "https://files.pythonhosted.org/packages/7d/10/d0cf5cc2aefd30ccf4bfe0467e10735f7fc7007e2fae82cb3f04418b7dc2/grpcio-1.72.1-cp311-cp311-musllinux_1_1_i686.whl", hash = "sha256:fc0435ad45d540597f78978e3fd5515b448193f51f9065fb67dda566336e0f5f", size = 6596247, upload-time = "2025-06-02T10:09:16.037Z" },
    { url = "https://files.pythonhosted.org/packages/d8/91/21f11977998405634a13f05366957fb3b8bbd5cc469821bcee761f7b5aa2/grpcio-1.72.1-cp311-cp311-musllinux_1_1_x86_64.whl", hash = "sha256:524bad78d610fa1f9f316d47b3aab1ff89d438ba952ee34e3e335ca80a27ba96", size = 6142005, upload-time = "2025-06-02T10:09:18.233Z" },
    { url = "https://files.pythonhosted.org/packages/1c/60/060ef7dde47f19050688a050457057d53c6ed9d08d5eb6fc34f5540932aa/grpcio-1.72.1-cp311-cp311-win32.whl", hash = "sha256:409ee0abf7e74bbf88941046142452cf3d1f3863d34e11e8fd2b07375170c730", size = 3560422, upload-time = "2025-06-02T10:09:20.209Z" },
    { url = "https://files.pythonhosted.org/packages/a2/37/7e97573e346d730a9c380710e2d7d7c0bc70e9b9f611246a3c0a4a291506/grpcio-1.72.1-cp311-cp311-win_amd64.whl", hash = "sha256:ea483e408fac55569c11158c3e6d6d6a8c3b0f798b68f1c10db9b22c5996e19b", size = 4230049, upload-time = "2025-06-02T10:09:22.473Z" },
    { url = "https://files.pythonhosted.org/packages/63/c7/df1432747d3a2b6659acfeaf28ca0e0f28c2258d8e4a7919fa72e780dfe2/grpcio-1.72.1-cp312-cp312-linux_armv7l.whl", hash = "sha256:65a5ef28e5852bd281c6d01a923906e8036736e95e370acab8626fcbec041e67", size = 5183091, upload-time = "2025-06-02T10:09:25.965Z" },
    { url = "https://files.pythonhosted.org/packages/0b/98/c68a9ecff8a87fd901996a2f2b1b1fbc7fb4b84745554b4b6aad17ebb2c0/grpcio-1.72.1-cp312-cp312-macosx_11_0_universal2.whl", hash = "sha256:9e5c594a6c779d674204fb9bdaa1e7b71666ff10b34a62e7769fc6868b5d7511", size = 10310217, upload-time = "2025-06-02T10:09:28.844Z" },
    { url = "https://files.pythonhosted.org/packages/8e/36/47e92db463dbd3a7548826a23ceb6268398e3adeaf319f3620d6077d1923/grpcio-1.72.1-cp312-cp312-manylinux_2_17_aarch64.whl", hash = "sha256:d324f4bdb990d852d79b38c59a12d24fcd47cf3b1a38f2e4d2b6d0b1031bc818", size = 5583760, upload-time = "2025-06-02T10:09:32.582Z" },
    { url = "https://files.pythonhosted.org/packages/90/45/a3f6518e74936ff1aeb35b6df2d7e305d64c64ff250c93f44691e4c61809/grpcio-1.72.1-cp312-cp312-manylinux_2_17_i686.manylinux2014_i686.whl", hash = "sha256:841db55dd29cf2f4121b853b2f89813a1b6175163fbb92c5945fb1b0ca259ef2", size = 6226190, upload-time = "2025-06-02T10:09:35.769Z" },
    { url = "https://files.pythonhosted.org/packages/19/45/e94c04b5f8eb1faf101d5a51d0f2a7cf32c8941140773432ee8a5a9f3c66/grpcio-1.72.1-cp312-cp312-manylinux_2_17_x86_64.manylinux2014_x86_64.whl", hash = "sha256:00da930aa2711b955a538e835096aa365a4b7f2701bdc2ce1febb242a103f8a1", size = 5823977, upload-time = "2025-06-02T10:09:37.971Z" },
    { url = "https://files.pythonhosted.org/packages/f8/69/f0545eee182976aa78f7a16e7cc7867755f63983a07b61c95081fa1e7b75/grpcio-1.72.1-cp312-cp312-musllinux_1_1_aarch64.whl", hash = "sha256:4b657773480267fbb7ad733fa85abc103c52ab62e5bc97791faf82c53836eefc", size = 5941314, upload-time = "2025-06-02T10:09:40.227Z" },
    { url = "https://files.pythonhosted.org/packages/7d/e3/fe8b207758aeb315e6fe3f6a97051eb2b46fee8f0bf3e209b849fc4a4097/grpcio-1.72.1-cp312-cp312-musllinux_1_1_i686.whl", hash = "sha256:a08b483f17a6abca2578283a7ae3aa8d4d90347242b0de2898bdb27395c3f20b", size = 6569329, upload-time = "2025-06-02T10:09:43.117Z" },
    { url = "https://files.pythonhosted.org/packages/a7/d3/b728115d9e4e9875673b51e84cac05b500f658c36a0319f5a475f2f4f4e6/grpcio-1.72.1-cp312-cp312-musllinux_1_1_x86_64.whl", hash = "sha256:299f3ea4e03c1d0548f4a174b48d612412f92c667f2100e30a079ab76fdaa813", size = 6117842, upload-time = "2025-06-02T10:09:46.089Z" },
    { url = "https://files.pythonhosted.org/packages/f5/95/e684925de5385b0eda45cf33486d19747f48ac1663b28734178bfeff7762/grpcio-1.72.1-cp312-cp312-win32.whl", hash = "sha256:addc721a3708ff789da1bf69876018dc730c1ec9d3d3cb6912776a00c535a5bc", size = 3545882, upload-time = "2025-06-02T10:09:48.124Z" },
    { url = "https://files.pythonhosted.org/packages/3e/e0/7732afef82ac92a3eaf635546f077ec96e59fe7b7b6729d6607589396cda/grpcio-1.72.1-cp312-cp312-win_amd64.whl", hash = "sha256:22ea2aa92a60dff231ba5fcd7f0220a33c2218e556009996f858eeafe294d1c2", size = 4221058, upload-time = "2025-06-02T10:09:50.926Z" },
    { url = "https://files.pythonhosted.org/packages/c3/69/219b0df426cf187535254825b4d4eda8ed3d3bc7dc844725a1ed14f642bf/grpcio-1.72.1-cp313-cp313-linux_armv7l.whl", hash = "sha256:294be6e9c323a197434569a41e0fb5b5aa0962fd5d55a3dc890ec5df985f611a", size = 5183578, upload-time = "2025-06-02T10:09:53.151Z" },
    { url = "https://files.pythonhosted.org/packages/b2/34/a5a5e037a862b2e90c1465791e091d3d2965d893d90dda6c1e7c0a991eb8/grpcio-1.72.1-cp313-cp313-macosx_11_0_universal2.whl", hash = "sha256:41ec164dac8df2862f67457d9cdf8d8f8b6a4ca475a3ed1ba6547fff98d93717", size = 10306253, upload-time = "2025-06-02T10:09:55.629Z" },
    { url = "https://files.pythonhosted.org/packages/56/8a/8aa932e3833e45772015b2c4a2ebf61649633698f24a84bf55477230b019/grpcio-1.72.1-cp313-cp313-manylinux_2_17_aarch64.whl", hash = "sha256:761736f75c6ddea3732d97eaabe70c616271f5f542a8be95515135fdd1a638f6", size = 5586381, upload-time = "2025-06-02T10:09:58.538Z" },
    { url = "https://files.pythonhosted.org/packages/0e/43/aff1cc76f8e04a060ec8e733d3c91e198ea9f1602a2a26f05db4185aa2dd/grpcio-1.72.1-cp313-cp313-manylinux_2_17_i686.manylinux2014_i686.whl", hash = "sha256:082003cb93618964c111c70d69b60ac0dc6566d4c254c9b2a775faa2965ba8f8", size = 6231049, upload-time = "2025-06-02T10:10:00.827Z" },
    { url = "https://files.pythonhosted.org/packages/64/6e/89e5692ee8b67cedcf802553c77538cc0e21c392b37dd51525d89884db17/grpcio-1.72.1-cp313-cp313-manylinux_2_17_x86_64.manylinux2014_x86_64.whl", hash = "sha256:8660f736da75424949c14f7c8b1ac60a25b2f37cabdec95181834b405373e8a7", size = 5826465, upload-time = "2025-06-02T10:10:03.236Z" },
    { url = "https://files.pythonhosted.org/packages/b2/09/bc0b2ea40f797f413f1db4a33dc83c562918b8f970938144756bced82414/grpcio-1.72.1-cp313-cp313-musllinux_1_1_aarch64.whl", hash = "sha256:2ada1abe2ad122b42407b2bfd79d6706a4940d4797f44bd740f5c98ca1ecda9b", size = 5944393, upload-time = "2025-06-02T10:10:05.778Z" },
    { url = "https://files.pythonhosted.org/packages/54/92/9aa2c0c8d855e5b16062ec023ac0a1500b502790bbd724262f188253e90b/grpcio-1.72.1-cp313-cp313-musllinux_1_1_i686.whl", hash = "sha256:0db2766d0c482ee740abbe7d00a06cc4fb54f7e5a24d3cf27c3352be18a2b1e8", size = 6573460, upload-time = "2025-06-02T10:10:08.33Z" },
    { url = "https://files.pythonhosted.org/packages/aa/27/9fdfd66f65ab7e6a4477f7d0b7adf25171d3425760f138f075bc548f6bf4/grpcio-1.72.1-cp313-cp313-musllinux_1_1_x86_64.whl", hash = "sha256:c4bdb404d9c2187260b34e2b22783c204fba8a9023a166cf77376190d9cf5a08", size = 6120589, upload-time = "2025-06-02T10:10:11.06Z" },
    { url = "https://files.pythonhosted.org/packages/c3/f3/630c7a00a29001e0b82763fbd50ddcaa7c656d521f29aa58a6c8dd2b7800/grpcio-1.72.1-cp313-cp313-win32.whl", hash = "sha256:bb64722c3124c906a5b66e50a90fd36442642f653ba88a24f67d08e94bca59f3", size = 3545905, upload-time = "2025-06-02T10:10:13.521Z" },
    { url = "https://files.pythonhosted.org/packages/c4/10/b6186e92eba035315affc30dfeabf65594dd6f778b92627fae5f40e7beec/grpcio-1.72.1-cp313-cp313-win_amd64.whl", hash = "sha256:329cc6ff5b431df9614340d3825b066a1ff0a5809a01ba2e976ef48c65a0490b", size = 4221454, upload-time = "2025-06-02T10:10:16.73Z" },
]

[[package]]
name = "grpcio-reflection"
version = "1.72.1"
source = { registry = "https://pypi.org/simple" }
dependencies = [
    { name = "grpcio" },
    { name = "protobuf" },
]
sdist = { url = "https://files.pythonhosted.org/packages/18/f9/0caad91ed65e1d808d4a7607c872d1b1330bc24830e44347f4c76ec491ac/grpcio_reflection-1.72.1.tar.gz", hash = "sha256:f04f0c8c21937162c3a7d2b9532a42e568fd4096327bec8eb1cff8e7d8146150", size = 18836, upload-time = "2025-06-02T10:14:22.471Z" }
wheels = [
    { url = "https://files.pythonhosted.org/packages/ad/aa/f365f10d1e732f38e7cc10d25b8c9f79c6d3cb18c697048afdc30a121df7/grpcio_reflection-1.72.1-py3-none-any.whl", hash = "sha256:f02391bc48962f3d4790c2dd2e847437f0f232f09457ad6be097168074f8e1a5", size = 22690, upload-time = "2025-06-02T10:12:01.301Z" },
]

[[package]]
name = "lark"
version = "0.12.0"
source = { registry = "https://pypi.org/simple" }
sdist = { url = "https://files.pythonhosted.org/packages/02/1d/29681d27b84e384ea50b5546e9f0089126afbc91754db4ca89593fcfd0e8/lark-0.12.0.tar.gz", hash = "sha256:7da76fcfddadabbbbfd949bbae221efd33938451d90b1fefbbc423c3cccf48ef", size = 235168, upload-time = "2021-11-12T11:15:32.124Z" }
wheels = [
    { url = "https://files.pythonhosted.org/packages/cb/39/cef2ccdfd984ae3cf93878d050c1b7c9354dd9493ce83fd9bb33a41f7a33/lark-0.12.0-py2.py3-none-any.whl", hash = "sha256:ed1d891cbcf5151ead1c1d14663bf542443e579e63a76ae175b01b899bd854ca", size = 103540, upload-time = "2021-11-12T11:15:34.408Z" },
]

[[package]]
name = "pendulum"
version = "3.1.0"
source = { registry = "https://pypi.org/simple" }
dependencies = [
    { name = "python-dateutil" },
    { name = "tzdata" },
]
sdist = { url = "https://files.pythonhosted.org/packages/23/7c/009c12b86c7cc6c403aec80f8a4308598dfc5995e5c523a5491faaa3952e/pendulum-3.1.0.tar.gz", hash = "sha256:66f96303560f41d097bee7d2dc98ffca716fbb3a832c4b3062034c2d45865015", size = 85930, upload-time = "2025-04-19T14:30:01.675Z" }
wheels = [
    { url = "https://files.pythonhosted.org/packages/5e/6e/d28d3c22e6708b819a94c05bd05a3dfaed5c685379e8b6dc4b34b473b942/pendulum-3.1.0-cp311-cp311-macosx_10_12_x86_64.whl", hash = "sha256:61a03d14f8c64d13b2f7d5859e4b4053c4a7d3b02339f6c71f3e4606bfd67423", size = 338596, upload-time = "2025-04-19T14:01:11.306Z" },
    { url = "https://files.pythonhosted.org/packages/e1/e6/43324d58021d463c2eeb6146b169d2c935f2f840f9e45ac2d500453d954c/pendulum-3.1.0-cp311-cp311-macosx_11_0_arm64.whl", hash = "sha256:e674ed2d158afa5c361e60f1f67872dc55b492a10cacdaa7fcd7b7da5f158f24", size = 325854, upload-time = "2025-04-19T14:01:13.156Z" },
    { url = "https://files.pythonhosted.org/packages/b0/a7/d2ae79b960bfdea94dab67e2f118697b08bc9e98eb6bd8d32c4d99240da3/pendulum-3.1.0-cp311-cp311-manylinux_2_17_aarch64.manylinux2014_aarch64.whl", hash = "sha256:7c75377eb16e58bbe7e03ea89eeea49be6fc5de0934a4aef0e263f8b4fa71bc2", size = 344334, upload-time = "2025-04-19T14:01:15.151Z" },
    { url = "https://files.pythonhosted.org/packages/96/94/941f071212e23c29aae7def891fb636930c648386e059ce09ea0dcd43933/pendulum-3.1.0-cp311-cp311-manylinux_2_17_ppc64le.manylinux2014_ppc64le.whl", hash = "sha256:656b8b0ce070f0f2e5e2668247d3c783c55336534aa1f13bd0969535878955e1", size = 382259, upload-time = "2025-04-19T14:01:16.924Z" },
    { url = "https://files.pythonhosted.org/packages/51/ad/a78a701656aec00d16fee636704445c23ca11617a0bfe7c3848d1caa5157/pendulum-3.1.0-cp311-cp311-manylinux_2_17_s390x.manylinux2014_s390x.whl", hash = "sha256:48962903e6c1afe1f13548cb6252666056086c107d59e3d64795c58c9298bc2e", size = 436361, upload-time = "2025-04-19T14:01:18.796Z" },
    { url = "https://files.pythonhosted.org/packages/da/93/83f59ccbf4435c29dca8c63a6560fcbe4783079a468a5f91d9f886fd21f0/pendulum-3.1.0-cp311-cp311-manylinux_2_17_x86_64.manylinux2014_x86_64.whl", hash = "sha256:d364ec3f8e65010fefd4b0aaf7be5eb97e5df761b107a06f5e743b7c3f52c311", size = 353653, upload-time = "2025-04-19T14:01:20.159Z" },
    { url = "https://files.pythonhosted.org/packages/6f/0f/42d6644ec6339b41066f594e52d286162aecd2e9735aaf994d7e00c9e09d/pendulum-3.1.0-cp311-cp311-musllinux_1_1_aarch64.whl", hash = "sha256:dd52caffc2afb86612ec43bbeb226f204ea12ebff9f3d12f900a7d3097210fcc", size = 524567, upload-time = "2025-04-19T14:01:21.457Z" },
    { url = "https://files.pythonhosted.org/packages/de/45/d84d909202755ab9d3379e5481fdf70f53344ebefbd68d6f5803ddde98a6/pendulum-3.1.0-cp311-cp311-musllinux_1_1_x86_64.whl", hash = "sha256:d439fccaa35c91f686bd59d30604dab01e8b5c1d0dd66e81648c432fd3f8a539", size = 525571, upload-time = "2025-04-19T14:01:23.329Z" },
    { url = "https://files.pythonhosted.org/packages/0d/e0/4de160773ce3c2f7843c310db19dd919a0cd02cc1c0384866f63b18a6251/pendulum-3.1.0-cp311-cp311-win_amd64.whl", hash = "sha256:43288773a86d9c5c0ddb645f88f615ff6bd12fd1410b34323662beccb18f3b49", size = 260259, upload-time = "2025-04-19T14:01:24.689Z" },
    { url = "https://files.pythonhosted.org/packages/c1/7f/ffa278f78112c6c6e5130a702042f52aab5c649ae2edf814df07810bbba5/pendulum-3.1.0-cp311-cp311-win_arm64.whl", hash = "sha256:569ea5072ae0f11d625e03b36d865f8037b76e838a3b621f6967314193896a11", size = 253899, upload-time = "2025-04-19T14:01:26.442Z" },
    { url = "https://files.pythonhosted.org/packages/7a/d7/b1bfe15a742f2c2713acb1fdc7dc3594ff46ef9418ac6a96fcb12a6ba60b/pendulum-3.1.0-cp312-cp312-macosx_10_12_x86_64.whl", hash = "sha256:4dfd53e7583ccae138be86d6c0a0b324c7547df2afcec1876943c4d481cf9608", size = 336209, upload-time = "2025-04-19T14:01:27.815Z" },
    { url = "https://files.pythonhosted.org/packages/eb/87/0392da0c603c828b926d9f7097fbdddaafc01388cb8a00888635d04758c3/pendulum-3.1.0-cp312-cp312-macosx_11_0_arm64.whl", hash = "sha256:6a6e06a28f3a7d696546347805536f6f38be458cb79de4f80754430696bea9e6", size = 323130, upload-time = "2025-04-19T14:01:29.336Z" },
    { url = "https://files.pythonhosted.org/packages/c0/61/95f1eec25796be6dddf71440ee16ec1fd0c573fc61a73bd1ef6daacd529a/pendulum-3.1.0-cp312-cp312-manylinux_2_17_aarch64.manylinux2014_aarch64.whl", hash = "sha256:7e68d6a51880708084afd8958af42dc8c5e819a70a6c6ae903b1c4bfc61e0f25", size = 341509, upload-time = "2025-04-19T14:01:31.1Z" },
    { url = "https://files.pythonhosted.org/packages/b5/7b/eb0f5e6aa87d5e1b467a1611009dbdc92f0f72425ebf07669bfadd8885a6/pendulum-3.1.0-cp312-cp312-manylinux_2_17_ppc64le.manylinux2014_ppc64le.whl", hash = "sha256:9e3f1e5da39a7ea7119efda1dd96b529748c1566f8a983412d0908455d606942", size = 378674, upload-time = "2025-04-19T14:01:32.974Z" },
    { url = "https://files.pythonhosted.org/packages/29/68/5a4c1b5de3e54e16cab21d2ec88f9cd3f18599e96cc90a441c0b0ab6b03f/pendulum-3.1.0-cp312-cp312-manylinux_2_17_s390x.manylinux2014_s390x.whl", hash = "sha256:e9af1e5eeddb4ebbe1b1c9afb9fd8077d73416ade42dd61264b3f3b87742e0bb", size = 436133, upload-time = "2025-04-19T14:01:34.349Z" },
    { url = "https://files.pythonhosted.org/packages/87/5d/f7a1d693e5c0f789185117d5c1d5bee104f5b0d9fbf061d715fb61c840a8/pendulum-3.1.0-cp312-cp312-manylinux_2_17_x86_64.manylinux2014_x86_64.whl", hash = "sha256:20f74aa8029a42e327bfc150472e0e4d2358fa5d795f70460160ba81b94b6945", size = 351232, upload-time = "2025-04-19T14:01:35.669Z" },
    { url = "https://files.pythonhosted.org/packages/30/77/c97617eb31f1d0554edb073201a294019b9e0a9bd2f73c68e6d8d048cd6b/pendulum-3.1.0-cp312-cp312-musllinux_1_1_aarch64.whl", hash = "sha256:cf6229e5ee70c2660148523f46c472e677654d0097bec010d6730f08312a4931", size = 521562, upload-time = "2025-04-19T14:01:37.05Z" },
    { url = "https://files.pythonhosted.org/packages/76/22/0d0ef3393303877e757b848ecef8a9a8c7627e17e7590af82d14633b2cd1/pendulum-3.1.0-cp312-cp312-musllinux_1_1_x86_64.whl", hash = "sha256:350cabb23bf1aec7c7694b915d3030bff53a2ad4aeabc8c8c0d807c8194113d6", size = 523221, upload-time = "2025-04-19T14:01:38.444Z" },
    { url = "https://files.pythonhosted.org/packages/99/f3/aefb579aa3cebd6f2866b205fc7a60d33e9a696e9e629024752107dc3cf5/pendulum-3.1.0-cp312-cp312-win_amd64.whl", hash = "sha256:42959341e843077c41d47420f28c3631de054abd64da83f9b956519b5c7a06a7", size = 260502, upload-time = "2025-04-19T14:01:39.814Z" },
    { url = "https://files.pythonhosted.org/packages/02/74/4332b5d6e34c63d4df8e8eab2249e74c05513b1477757463f7fdca99e9be/pendulum-3.1.0-cp312-cp312-win_arm64.whl", hash = "sha256:006758e2125da2e624493324dfd5d7d1b02b0c44bc39358e18bf0f66d0767f5f", size = 253089, upload-time = "2025-04-19T14:01:41.171Z" },
    { url = "https://files.pythonhosted.org/packages/8e/1f/af928ba4aa403dac9569f787adcf024005e7654433d71f7a84e608716837/pendulum-3.1.0-cp313-cp313-macosx_10_12_x86_64.whl", hash = "sha256:28658b0baf4b30eb31d096a375983cfed033e60c0a7bbe94fa23f06cd779b50b", size = 336209, upload-time = "2025-04-19T14:01:42.775Z" },
    { url = "https://files.pythonhosted.org/packages/b6/16/b010643007ba964c397da7fa622924423883c1bbff1a53f9d1022cd7f024/pendulum-3.1.0-cp313-cp313-macosx_11_0_arm64.whl", hash = "sha256:b114dcb99ce511cb8f5495c7b6f0056b2c3dba444ef1ea6e48030d7371bd531a", size = 323132, upload-time = "2025-04-19T14:01:44.577Z" },
    { url = "https://files.pythonhosted.org/packages/64/19/c3c47aeecb5d9bceb0e89faafd800d39809b696c5b7bba8ec8370ad5052c/pendulum-3.1.0-cp313-cp313-manylinux_2_17_aarch64.manylinux2014_aarch64.whl", hash = "sha256:2404a6a54c80252ea393291f0b7f35525a61abae3d795407f34e118a8f133a18", size = 341509, upload-time = "2025-04-19T14:01:46.084Z" },
    { url = "https://files.pythonhosted.org/packages/38/cf/c06921ff6b860ff7e62e70b8e5d4dc70e36f5abb66d168bd64d51760bc4e/pendulum-3.1.0-cp313-cp313-manylinux_2_17_ppc64le.manylinux2014_ppc64le.whl", hash = "sha256:d06999790d9ee9962a1627e469f98568bf7ad1085553fa3c30ed08b3944a14d7", size = 378674, upload-time = "2025-04-19T14:01:47.727Z" },
    { url = "https://files.pythonhosted.org/packages/62/0b/a43953b9eba11e82612b033ac5133f716f1b76b6108a65da6f408b3cc016/pendulum-3.1.0-cp313-cp313-manylinux_2_17_s390x.manylinux2014_s390x.whl", hash = "sha256:94751c52f6b7c306734d1044c2c6067a474237e1e5afa2f665d1fbcbbbcf24b3", size = 436133, upload-time = "2025-04-19T14:01:49.126Z" },
    { url = "https://files.pythonhosted.org/packages/eb/a0/ec3d70b3b96e23ae1d039f132af35e17704c22a8250d1887aaefea4d78a6/pendulum-3.1.0-cp313-cp313-manylinux_2_17_x86_64.manylinux2014_x86_64.whl", hash = "sha256:5553ac27be05e997ec26d7f004cf72788f4ce11fe60bb80dda604a64055b29d0", size = 351232, upload-time = "2025-04-19T14:01:50.575Z" },
    { url = "https://files.pythonhosted.org/packages/f4/97/aba23f1716b82f6951ba2b1c9178a2d107d1e66c102762a9bf19988547ea/pendulum-3.1.0-cp313-cp313-musllinux_1_1_aarch64.whl", hash = "sha256:f8dee234ca6142bf0514368d01a72945a44685aaa2fc4c14c98d09da9437b620", size = 521563, upload-time = "2025-04-19T14:01:51.9Z" },
    { url = "https://files.pythonhosted.org/packages/01/33/2c0d5216cc53d16db0c4b3d510f141ee0a540937f8675948541190fbd48b/pendulum-3.1.0-cp313-cp313-musllinux_1_1_x86_64.whl", hash = "sha256:7378084fe54faab4ee481897a00b710876f2e901ded6221671e827a253e643f2", size = 523221, upload-time = "2025-04-19T14:01:53.275Z" },
    { url = "https://files.pythonhosted.org/packages/51/89/8de955c339c31aeae77fd86d3225509b998c81875e9dba28cb88b8cbf4b3/pendulum-3.1.0-cp313-cp313-win_amd64.whl", hash = "sha256:8539db7ae2c8da430ac2515079e288948c8ebf7eb1edd3e8281b5cdf433040d6", size = 260501, upload-time = "2025-04-19T14:01:54.749Z" },
    { url = "https://files.pythonhosted.org/packages/15/c3/226a3837363e94f8722461848feec18bfdd7d5172564d53aa3c3397ff01e/pendulum-3.1.0-cp313-cp313-win_arm64.whl", hash = "sha256:1ce26a608e1f7387cd393fba2a129507c4900958d4f47b90757ec17656856571", size = 253087, upload-time = "2025-04-19T14:01:55.998Z" },
    { url = "https://files.pythonhosted.org/packages/6e/23/e98758924d1b3aac11a626268eabf7f3cf177e7837c28d47bf84c64532d0/pendulum-3.1.0-py3-none-any.whl", hash = "sha256:f9178c2a8e291758ade1e8dd6371b1d26d08371b4c7730a6e9a3ef8b16ebae0f", size = 111799, upload-time = "2025-04-19T14:02:34.739Z" },
]

[[package]]
name = "protobuf"
version = "6.31.1"
source = { registry = "https://pypi.org/simple" }
sdist = { url = "https://files.pythonhosted.org/packages/52/f3/b9655a711b32c19720253f6f06326faf90580834e2e83f840472d752bc8b/protobuf-6.31.1.tar.gz", hash = "sha256:d8cac4c982f0b957a4dc73a80e2ea24fab08e679c0de9deb835f4a12d69aca9a", size = 441797, upload-time = "2025-05-28T19:25:54.947Z" }
wheels = [
    { url = "https://files.pythonhosted.org/packages/f3/6f/6ab8e4bf962fd5570d3deaa2d5c38f0a363f57b4501047b5ebeb83ab1125/protobuf-6.31.1-cp310-abi3-win32.whl", hash = "sha256:7fa17d5a29c2e04b7d90e5e32388b8bfd0e7107cd8e616feef7ed3fa6bdab5c9", size = 423603, upload-time = "2025-05-28T19:25:41.198Z" },
    { url = "https://files.pythonhosted.org/packages/44/3a/b15c4347dd4bf3a1b0ee882f384623e2063bb5cf9fa9d57990a4f7df2fb6/protobuf-6.31.1-cp310-abi3-win_amd64.whl", hash = "sha256:426f59d2964864a1a366254fa703b8632dcec0790d8862d30034d8245e1cd447", size = 435283, upload-time = "2025-05-28T19:25:44.275Z" },
    { url = "https://files.pythonhosted.org/packages/6a/c9/b9689a2a250264a84e66c46d8862ba788ee7a641cdca39bccf64f59284b7/protobuf-6.31.1-cp39-abi3-macosx_10_9_universal2.whl", hash = "sha256:6f1227473dc43d44ed644425268eb7c2e488ae245d51c6866d19fe158e207402", size = 425604, upload-time = "2025-05-28T19:25:45.702Z" },
    { url = "https://files.pythonhosted.org/packages/76/a1/7a5a94032c83375e4fe7e7f56e3976ea6ac90c5e85fac8576409e25c39c3/protobuf-6.31.1-cp39-abi3-manylinux2014_aarch64.whl", hash = "sha256:a40fc12b84c154884d7d4c4ebd675d5b3b5283e155f324049ae396b95ddebc39", size = 322115, upload-time = "2025-05-28T19:25:47.128Z" },
    { url = "https://files.pythonhosted.org/packages/fa/b1/b59d405d64d31999244643d88c45c8241c58f17cc887e73bcb90602327f8/protobuf-6.31.1-cp39-abi3-manylinux2014_x86_64.whl", hash = "sha256:4ee898bf66f7a8b0bd21bce523814e6fbd8c6add948045ce958b73af7e8878c6", size = 321070, upload-time = "2025-05-28T19:25:50.036Z" },
    { url = "https://files.pythonhosted.org/packages/f7/af/ab3c51ab7507a7325e98ffe691d9495ee3d3aa5f589afad65ec920d39821/protobuf-6.31.1-py3-none-any.whl", hash = "sha256:720a6c7e6b77288b85063569baae8536671b39f15cc22037ec7045658d80489e", size = 168724, upload-time = "2025-05-28T19:25:53.926Z" },
]

[[package]]
name = "protovalidate"
version = "0.9.0"
source = { registry = "https://pypi.org/simple" }
dependencies = [
    { name = "cel-python" },
    { name = "protobuf" },
]
sdist = { url = "https://files.pythonhosted.org/packages/0b/a6/c2c064c443b51f98a000118e86038d6c010dbc0523f5e27bf90137f275f6/protovalidate-0.9.0.tar.gz", hash = "sha256:f1405e818ccd3da1677d1091bdbef4bff980ce8af85b3e3a1d6c58d4eb6d251e", size = 165599, upload-time = "2025-06-02T21:09:49.253Z" }
wheels = [
    { url = "https://files.pythonhosted.org/packages/73/b4/55a7abd7aeb9257b3bc405917f59e2e63b960d9d9e783f728bd01990b394/protovalidate-0.9.0-py3-none-any.whl", hash = "sha256:9355562914757728abde37ca85a91d7e53945c24980a173d128b3b656cec5a2c", size = 28753, upload-time = "2025-06-02T21:09:47.75Z" },
]

[[package]]
name = "py-layout"
version = "0.1.0"
source = { virtual = "." }
dependencies = [
    { name = "grpcio" },
    { name = "grpcio-reflection" },
    { name = "protobuf" },
    { name = "protovalidate" },
]

[package.metadata]
requires-dist = [
    { name = "grpcio", specifier = ">=1.72.1" },
    { name = "grpcio-reflection", specifier = ">=1.72.1" },
    { name = "protobuf", specifier = ">=6.31.1" },
    { name = "protovalidate", specifier = ">=0.9.0" },
]

[[package]]
name = "python-dateutil"
version = "2.9.0.post0"
source = { registry = "https://pypi.org/simple" }
dependencies = [
    { name = "six" },
]
sdist = { url = "https://files.pythonhosted.org/packages/66/c0/0c8b6ad9f17a802ee498c46e004a0eb49bc148f2fd230864601a86dcf6db/python-dateutil-2.9.0.post0.tar.gz", hash = "sha256:37dd54208da7e1cd875388217d5e00ebd4179249f90fb72437e91a35459a0ad3", size = 342432, upload-time = "2024-03-01T18:36:20.211Z" }
wheels = [
    { url = "https://files.pythonhosted.org/packages/ec/57/56b9bcc3c9c6a792fcbaf139543cee77261f3651ca9da0c93f5c1221264b/python_dateutil-2.9.0.post0-py2.py3-none-any.whl", hash = "sha256:a8b2bc7bffae282281c8140a97d3aa9c14da0b136dfe83f850eea9a5f7470427", size = 229892, upload-time = "2024-03-01T18:36:18.57Z" },
]

[[package]]
name = "pyyaml"
version = "6.0.2"
source = { registry = "https://pypi.org/simple" }
sdist = { url = "https://files.pythonhosted.org/packages/54/ed/79a089b6be93607fa5cdaedf301d7dfb23af5f25c398d5ead2525b063e17/pyyaml-6.0.2.tar.gz", hash = "sha256:d584d9ec91ad65861cc08d42e834324ef890a082e591037abe114850ff7bbc3e", size = 130631, upload-time = "2024-08-06T20:33:50.674Z" }
wheels = [
    { url = "https://files.pythonhosted.org/packages/f8/aa/7af4e81f7acba21a4c6be026da38fd2b872ca46226673c89a758ebdc4fd2/PyYAML-6.0.2-cp311-cp311-macosx_10_9_x86_64.whl", hash = "sha256:cc1c1159b3d456576af7a3e4d1ba7e6924cb39de8f67111c735f6fc832082774", size = 184612, upload-time = "2024-08-06T20:32:03.408Z" },
    { url = "https://files.pythonhosted.org/packages/8b/62/b9faa998fd185f65c1371643678e4d58254add437edb764a08c5a98fb986/PyYAML-6.0.2-cp311-cp311-macosx_11_0_arm64.whl", hash = "sha256:1e2120ef853f59c7419231f3bf4e7021f1b936f6ebd222406c3b60212205d2ee", size = 172040, upload-time = "2024-08-06T20:32:04.926Z" },
    { url = "https://files.pythonhosted.org/packages/ad/0c/c804f5f922a9a6563bab712d8dcc70251e8af811fce4524d57c2c0fd49a4/PyYAML-6.0.2-cp311-cp311-manylinux_2_17_aarch64.manylinux2014_aarch64.whl", hash = "sha256:5d225db5a45f21e78dd9358e58a98702a0302f2659a3c6cd320564b75b86f47c", size = 736829, upload-time = "2024-08-06T20:32:06.459Z" },
    { url = "https://files.pythonhosted.org/packages/51/16/6af8d6a6b210c8e54f1406a6b9481febf9c64a3109c541567e35a49aa2e7/PyYAML-6.0.2-cp311-cp311-manylinux_2_17_s390x.manylinux2014_s390x.whl", hash = "sha256:5ac9328ec4831237bec75defaf839f7d4564be1e6b25ac710bd1a96321cc8317", size = 764167, upload-time = "2024-08-06T20:32:08.338Z" },
    { url = "https://files.pythonhosted.org/packages/75/e4/2c27590dfc9992f73aabbeb9241ae20220bd9452df27483b6e56d3975cc5/PyYAML-6.0.2-cp311-cp311-manylinux_2_17_x86_64.manylinux2014_x86_64.whl", hash = "sha256:3ad2a3decf9aaba3d29c8f537ac4b243e36bef957511b4766cb0057d32b0be85", size = 762952, upload-time = "2024-08-06T20:32:14.124Z" },
    { url = "https://files.pythonhosted.org/packages/9b/97/ecc1abf4a823f5ac61941a9c00fe501b02ac3ab0e373c3857f7d4b83e2b6/PyYAML-6.0.2-cp311-cp311-musllinux_1_1_aarch64.whl", hash = "sha256:ff3824dc5261f50c9b0dfb3be22b4567a6f938ccce4587b38952d85fd9e9afe4", size = 735301, upload-time = "2024-08-06T20:32:16.17Z" },
    { url = "https://files.pythonhosted.org/packages/45/73/0f49dacd6e82c9430e46f4a027baa4ca205e8b0a9dce1397f44edc23559d/PyYAML-6.0.2-cp311-cp311-musllinux_1_1_x86_64.whl", hash = "sha256:797b4f722ffa07cc8d62053e4cff1486fa6dc094105d13fea7b1de7d8bf71c9e", size = 756638, upload-time = "2024-08-06T20:32:18.555Z" },
    { url = "https://files.pythonhosted.org/packages/22/5f/956f0f9fc65223a58fbc14459bf34b4cc48dec52e00535c79b8db361aabd/PyYAML-6.0.2-cp311-cp311-win32.whl", hash = "sha256:11d8f3dd2b9c1207dcaf2ee0bbbfd5991f571186ec9cc78427ba5bd32afae4b5", size = 143850, upload-time = "2024-08-06T20:32:19.889Z" },
    { url = "https://files.pythonhosted.org/packages/ed/23/8da0bbe2ab9dcdd11f4f4557ccaf95c10b9811b13ecced089d43ce59c3c8/PyYAML-6.0.2-cp311-cp311-win_amd64.whl", hash = "sha256:e10ce637b18caea04431ce14fabcf5c64a1c61ec9c56b071a4b7ca131ca52d44", size = 161980, upload-time = "2024-08-06T20:32:21.273Z" },
    { url = "https://files.pythonhosted.org/packages/86/0c/c581167fc46d6d6d7ddcfb8c843a4de25bdd27e4466938109ca68492292c/PyYAML-6.0.2-cp312-cp312-macosx_10_9_x86_64.whl", hash = "sha256:c70c95198c015b85feafc136515252a261a84561b7b1d51e3384e0655ddf25ab", size = 183873, upload-time = "2024-08-06T20:32:25.131Z" },
    { url = "https://files.pythonhosted.org/packages/a8/0c/38374f5bb272c051e2a69281d71cba6fdb983413e6758b84482905e29a5d/PyYAML-6.0.2-cp312-cp312-macosx_11_0_arm64.whl", hash = "sha256:ce826d6ef20b1bc864f0a68340c8b3287705cae2f8b4b1d932177dcc76721725", size = 173302, upload-time = "2024-08-06T20:32:26.511Z" },
    { url = "https://files.pythonhosted.org/packages/c3/93/9916574aa8c00aa06bbac729972eb1071d002b8e158bd0e83a3b9a20a1f7/PyYAML-6.0.2-cp312-cp312-manylinux_2_17_aarch64.manylinux2014_aarch64.whl", hash = "sha256:1f71ea527786de97d1a0cc0eacd1defc0985dcf6b3f17bb77dcfc8c34bec4dc5", size = 739154, upload-time = "2024-08-06T20:32:28.363Z" },
    { url = "https://files.pythonhosted.org/packages/95/0f/b8938f1cbd09739c6da569d172531567dbcc9789e0029aa070856f123984/PyYAML-6.0.2-cp312-cp312-manylinux_2_17_s390x.manylinux2014_s390x.whl", hash = "sha256:9b22676e8097e9e22e36d6b7bda33190d0d400f345f23d4065d48f4ca7ae0425", size = 766223, upload-time = "2024-08-06T20:32:30.058Z" },
    { url = "https://files.pythonhosted.org/packages/b9/2b/614b4752f2e127db5cc206abc23a8c19678e92b23c3db30fc86ab731d3bd/PyYAML-6.0.2-cp312-cp312-manylinux_2_17_x86_64.manylinux2014_x86_64.whl", hash = "sha256:80bab7bfc629882493af4aa31a4cfa43a4c57c83813253626916b8c7ada83476", size = 767542, upload-time = "2024-08-06T20:32:31.881Z" },
    { url = "https://files.pythonhosted.org/packages/d4/00/dd137d5bcc7efea1836d6264f049359861cf548469d18da90cd8216cf05f/PyYAML-6.0.2-cp312-cp312-musllinux_1_1_aarch64.whl", hash = "sha256:0833f8694549e586547b576dcfaba4a6b55b9e96098b36cdc7ebefe667dfed48", size = 731164, upload-time = "2024-08-06T20:32:37.083Z" },
    { url = "https://files.pythonhosted.org/packages/c9/1f/4f998c900485e5c0ef43838363ba4a9723ac0ad73a9dc42068b12aaba4e4/PyYAML-6.0.2-cp312-cp312-musllinux_1_1_x86_64.whl", hash = "sha256:8b9c7197f7cb2738065c481a0461e50ad02f18c78cd75775628afb4d7137fb3b", size = 756611, upload-time = "2024-08-06T20:32:38.898Z" },
    { url = "https://files.pythonhosted.org/packages/df/d1/f5a275fdb252768b7a11ec63585bc38d0e87c9e05668a139fea92b80634c/PyYAML-6.0.2-cp312-cp312-win32.whl", hash = "sha256:ef6107725bd54b262d6dedcc2af448a266975032bc85ef0172c5f059da6325b4", size = 140591, upload-time = "2024-08-06T20:32:40.241Z" },
    { url = "https://files.pythonhosted.org/packages/0c/e8/4f648c598b17c3d06e8753d7d13d57542b30d56e6c2dedf9c331ae56312e/PyYAML-6.0.2-cp312-cp312-win_amd64.whl", hash = "sha256:7e7401d0de89a9a855c839bc697c079a4af81cf878373abd7dc625847d25cbd8", size = 156338, upload-time = "2024-08-06T20:32:41.93Z" },
    { url = "https://files.pythonhosted.org/packages/ef/e3/3af305b830494fa85d95f6d95ef7fa73f2ee1cc8ef5b495c7c3269fb835f/PyYAML-6.0.2-cp313-cp313-macosx_10_13_x86_64.whl", hash = "sha256:efdca5630322a10774e8e98e1af481aad470dd62c3170801852d752aa7a783ba", size = 181309, upload-time = "2024-08-06T20:32:43.4Z" },
    { url = "https://files.pythonhosted.org/packages/45/9f/3b1c20a0b7a3200524eb0076cc027a970d320bd3a6592873c85c92a08731/PyYAML-6.0.2-cp313-cp313-macosx_11_0_arm64.whl", hash = "sha256:50187695423ffe49e2deacb8cd10510bc361faac997de9efef88badc3bb9e2d1", size = 171679, upload-time = "2024-08-06T20:32:44.801Z" },
    { url = "https://files.pythonhosted.org/packages/7c/9a/337322f27005c33bcb656c655fa78325b730324c78620e8328ae28b64d0c/PyYAML-6.0.2-cp313-cp313-manylinux_2_17_aarch64.manylinux2014_aarch64.whl", hash = "sha256:0ffe8360bab4910ef1b9e87fb812d8bc0a308b0d0eef8c8f44e0254ab3b07133", size = 733428, upload-time = "2024-08-06T20:32:46.432Z" },
    { url = "https://files.pythonhosted.org/packages/a3/69/864fbe19e6c18ea3cc196cbe5d392175b4cf3d5d0ac1403ec3f2d237ebb5/PyYAML-6.0.2-cp313-cp313-manylinux_2_17_s390x.manylinux2014_s390x.whl", hash = "sha256:17e311b6c678207928d649faa7cb0d7b4c26a0ba73d41e99c4fff6b6c3276484", size = 763361, upload-time = "2024-08-06T20:32:51.188Z" },
    { url = "https://files.pythonhosted.org/packages/04/24/b7721e4845c2f162d26f50521b825fb061bc0a5afcf9a386840f23ea19fa/PyYAML-6.0.2-cp313-cp313-manylinux_2_17_x86_64.manylinux2014_x86_64.whl", hash = "sha256:70b189594dbe54f75ab3a1acec5f1e3faa7e8cf2f1e08d9b561cb41b845f69d5", size = 759523, upload-time = "2024-08-06T20:32:53.019Z" },
    { url = "https://files.pythonhosted.org/packages/2b/b2/e3234f59ba06559c6ff63c4e10baea10e5e7df868092bf9ab40e5b9c56b6/PyYAML-6.0.2-cp313-cp313-musllinux_1_1_aarch64.whl", hash = "sha256:41e4e3953a79407c794916fa277a82531dd93aad34e29c2a514c2c0c5fe971cc", size = 726660, upload-time = "2024-08-06T20:32:54.708Z" },
    { url = "https://files.pythonhosted.org/packages/fe/0f/25911a9f080464c59fab9027482f822b86bf0608957a5fcc6eaac85aa515/PyYAML-6.0.2-cp313-cp313-musllinux_1_1_x86_64.whl", hash = "sha256:68ccc6023a3400877818152ad9a1033e3db8625d899c72eacb5a668902e4d652", size = 751597, upload-time = "2024-08-06T20:32:56.985Z" },
    { url = "https://files.pythonhosted.org/packages/14/0d/e2c3b43bbce3cf6bd97c840b46088a3031085179e596d4929729d8d68270/PyYAML-6.0.2-cp313-cp313-win32.whl", hash = "sha256:bc2fa7c6b47d6bc618dd7fb02ef6fdedb1090ec036abab80d4681424b84c1183", size = 140527, upload-time = "2024-08-06T20:33:03.001Z" },
    { url = "https://files.pythonhosted.org/packages/fa/de/02b54f42487e3d3c6efb3f89428677074ca7bf43aae402517bc7cca949f3/PyYAML-6.0.2-cp313-cp313-win_amd64.whl", hash = "sha256:8388ee1976c416731879ac16da0aff3f63b286ffdd57cdeb95f3f2e085687563", size = 156446, upload-time = "2024-08-06T20:33:04.33Z" },
]

[[package]]
name = "six"
version = "1.17.0"
source = { registry = "https://pypi.org/simple" }
sdist = { url = "https://files.pythonhosted.org/packages/94/e7/b2c673351809dca68a0e064b6af791aa332cf192da575fd474ed7d6f16a2/six-1.17.0.tar.gz", hash = "sha256:ff70335d468e7eb6ec65b95b99d3a2836546063f63acc5171de367e834932a81", size = 34031, upload-time = "2024-12-04T17:35:28.174Z" }
wheels = [
    { url = "https://files.pythonhosted.org/packages/b7/ce/149a00dd41f10bc29e5921b496af8b574d8413afcd5e30dfa0ed46c2cc5e/six-1.17.0-py2.py3-none-any.whl", hash = "sha256:4721f391ed90541fddacab5acf947aa0d3dc7d27b2e1e8eda2be8970586c3274", size = 11050, upload-time = "2024-12-04T17:35:26.475Z" },
]

[[package]]
name = "types-pyyaml"
version = "6.0.12.20250516"
source = { registry = "https://pypi.org/simple" }
sdist = { url = "https://files.pythonhosted.org/packages/4e/22/59e2aeb48ceeee1f7cd4537db9568df80d62bdb44a7f9e743502ea8aab9c/types_pyyaml-6.0.12.20250516.tar.gz", hash = "sha256:9f21a70216fc0fa1b216a8176db5f9e0af6eb35d2f2932acb87689d03a5bf6ba", size = 17378, upload-time = "2025-05-16T03:08:04.897Z" }
wheels = [
    { url = "https://files.pythonhosted.org/packages/99/5f/e0af6f7f6a260d9af67e1db4f54d732abad514252a7a378a6c4d17dd1036/types_pyyaml-6.0.12.20250516-py3-none-any.whl", hash = "sha256:8478208feaeb53a34cb5d970c56a7cd76b72659442e733e268a94dc72b2d0530", size = 20312, upload-time = "2025-05-16T03:08:04.019Z" },
]

[[package]]
name = "tzdata"
version = "2025.2"
source = { registry = "https://pypi.org/simple" }
sdist = { url = "https://files.pythonhosted.org/packages/95/32/1a225d6164441be760d75c2c42e2780dc0873fe382da3e98a2e1e48361e5/tzdata-2025.2.tar.gz", hash = "sha256:b60a638fcc0daffadf82fe0f57e53d06bdec2f36c4df66280ae79bce6bd6f2b9", size = 196380, upload-time = "2025-03-23T13:54:43.652Z" }
wheels = [
    { url = "https://files.pythonhosted.org/packages/5c/23/c7abc0ca0a1526a0774eca151daeb8de62ec457e77262b66b359c3c7679e/tzdata-2025.2-py2.py3-none-any.whl", hash = "sha256:1a403fada01ff9221ca8044d701868fa132215d84beb92242d9acd2147f667a8", size = 347839, upload-time = "2025-03-23T13:54:41.845Z" },
]
